
Microsoft Visual Studio Solution File, Format Version 12.00
# Visual Studio Version 17
VisualStudioVersion = 17.1.32421.90
MinimumVisualStudioVersion = 10.0.40219.1
Project("{FAE04EC0-301F-11D3-BF4B-00C04F79EFBC}") = "InterviewProject", "InterviewProject\InterviewProject.csproj", "{16ECB086-6EB7-4C63-885E-8D17A2E73577}"
EndProject
Global
	GlobalSection(SolutionConfigurationPlatforms) = preSolution
		Debug|Any CPU = Debug|Any CPU
		Release|Any CPU = Release|Any CPU
	EndGlobalSection
	GlobalSection(ProjectConfigurationPlatforms) = postSolution
		{16ECB086-6EB7-4C63-885E-8D17A2E73577}.Debug|Any CPU.ActiveCfg = Debug|Any CPU
		{16ECB086-6EB7-4C63-885E-8D17A2E73577}.Debug|Any CPU.Build.0 = Debug|Any CPU
		{16ECB086-6EB7-4C63-885E-8D17A2E73577}.Release|Any CPU.ActiveCfg = Release|Any CPU
		{16ECB086-6EB7-4C63-885E-8D17A2E73577}.Release|Any CPU.Build.0 = Release|Any CPU
	EndGlobalSection
	GlobalSection(SolutionProperties) = preSolution
		HideSolutionNode = FALSE
	EndGlobalSection
	GlobalSection(ExtensibilityGlobals) = postSolution
		SolutionGuid = {0358F22D-B947-432F-9971-E9B39D55436F}
	EndGlobalSection
EndGlobal
